
Microsoft Visual Studio Solution File, Format Version 12.00
# Visual Studio Version 17
VisualStudioVersion = 17.0.31903.59
MinimumVisualStudioVersion = 10.0.40219.1
Project("{2150E333-8FDC-42A3-9474-1A3956D46DE8}") = "Parte01-Ambiente", "Parte01-Ambiente", "{63AFB3F8-B000-2B25-EF7A-7A6B709B1B34}"
EndProject
Project("{2150E333-8FDC-42A3-9474-1A3956D46DE8}") = "Ex01-PrimeiroPrograma", "Ex01-PrimeiroPrograma", "{08D5902F-5CAA-76D4-C78E-EC18246DE0A3}"
EndProject
Project("{FAE04EC0-301F-11D3-BF4B-00C04F79EFBC}") = "Ex01.PrimeiroPrograma", "Parte01-Ambiente\Ex01-PrimeiroPrograma\Ex01.PrimeiroPrograma.csproj", "{300D90C2-B76F-4D88-BD52-B777093C1296}"
EndProject
Project("{2150E333-8FDC-42A3-9474-1A3956D46DE8}") = "Parte02-ElementosBasicos", "Parte02-ElementosBasicos", "{E4C66203-52A5-5419-92EC-0509132BEBE9}"
EndProject
Project("{2150E333-8FDC-42A3-9474-1A3956D46DE8}") = "Ex02-CifradorDeNome", "Ex02-CifradorDeNome", "{EBFDB1C1-675F-8721-F8B0-2A5F447E771F}"
EndProject
Project("{FAE04EC0-301F-11D3-BF4B-00C04F79EFBC}") = "Ex02.CifradorDeNome", "Parte02-ElementosBasicos\Ex02-CifradorDeNome\Ex02.CifradorDeNome.csproj", "{7EAC82BF-CD2E-43AB-B9F4-A4AFDB8C403C}"
EndProject
Project("{2150E333-8FDC-42A3-9474-1A3956D46DE8}") = "Ex03-Calculadora", "Ex03-Calculadora", "{A0E1EA83-9D11-D1DF-2D9B-9CD57E86CBCC}"
EndProject
Project("{FAE04EC0-301F-11D3-BF4B-00C04F79EFBC}") = "Ex03.Calculadora", "Parte02-ElementosBasicos\Ex03-Calculadora\Ex03.Calculadora.csproj", "{2D667EE2-BD4A-46AA-AEE1-6A584C7E5379}"
EndProject
Project("{2150E333-8FDC-42A3-9474-1A3956D46DE8}") = "Ex04-ProximoAniversario", "Ex04-ProximoAniversario", "{8B4BB39D-9C38-7FF5-9205-9F0A9C54880F}"
EndProject
Project("{FAE04EC0-301F-11D3-BF4B-00C04F79EFBC}") = "Ex04.ProximoAniversario", "Parte02-ElementosBasicos\Ex04-ProximoAniversario\Ex04.ProximoAniversario.csproj", "{4F820E51-4FCB-4686-B945-5056A306EE6B}"
EndProject
Project("{2150E333-8FDC-42A3-9474-1A3956D46DE8}") = "Ex05-TempoAteFormatura", "Ex05-TempoAteFormatura", "{B5DE54EB-3283-E0A1-B204-858C0E90FE60}"
EndProject
Project("{FAE04EC0-301F-11D3-BF4B-00C04F79EFBC}") = "Ex05.TempoAteFormatura", "Parte02-ElementosBasicos\Ex05-TempoAteFormatura\Ex05.TempoAteFormatura.csproj", "{B2B97A2A-C2F7-4E24-98CA-5F172F5FEA13}"
EndProject
Project("{2150E333-8FDC-42A3-9474-1A3956D46DE8}") = "Parte03-ClassesEObjetos", "Parte03-ClassesEObjetos", "{B31C9BAA-3FAD-0D02-6C01-3B2A07F64BE0}"
EndProject
Project("{2150E333-8FDC-42A3-9474-1A3956D46DE8}") = "Ex06-CadastroDeAlunos", "Ex06-CadastroDeAlunos", "{08A6F8B6-F9F8-814D-809E-449E17E12C07}"
EndProject
Project("{FAE04EC0-301F-11D3-BF4B-00C04F79EFBC}") = "Ex06.CadastroDeAlunos", "Parte03-ClassesEObjetos\Ex06-CadastroDeAlunos\Ex06.CadastroDeAlunos.csproj", "{77148E8D-E78F-437F-AFCD-B9382CA44855}"
EndProject
Project("{2150E333-8FDC-42A3-9474-1A3956D46DE8}") = "Parte04-OrientacaoAObjetos", "Parte04-OrientacaoAObjetos", "{B9795294-3749-8EB2-06D1-53371125533B}"
EndProject
Project("{2150E333-8FDC-42A3-9474-1A3956D46DE8}") = "Ex07-BancoDigital", "Ex07-BancoDigital", "{2845F484-FAE3-FC7C-0A7F-C3A2EE00D85C}"
EndProject
Project("{FAE04EC0-301F-11D3-BF4B-00C04F79EFBC}") = "Ex07.BancoDigital", "Parte04-OrientacaoAObjetos\Ex07-BancoDigital\Ex07.BancoDigital.csproj", "{9BA81E6B-9E09-467F-8765-B1686E68D9BA}"
EndProject
Project("{2150E333-8FDC-42A3-9474-1A3956D46DE8}") = "Ex08-CadastroDeFuncionarios", "Ex08-CadastroDeFuncionarios", "{EB884946-F98A-0F58-9DCE-03606250708F}"
EndProject
Project("{FAE04EC0-301F-11D3-BF4B-00C04F79EFBC}") = "Ex08.CadastroDeFuncionarios", "Parte04-OrientacaoAObjetos\Ex08-CadastroDeFuncionarios\Ex08.CadastroDeFuncionarios.csproj", "{F9DC9913-7EDF-405F-AE09-D6302E5529C1}"
EndProject
Project("{2150E333-8FDC-42A3-9474-1A3956D46DE8}") = "Parte05-ArraysArquivosERecursosAvancados", "Parte05-ArraysArquivosERecursosAvancados", "{E07397C1-FAD6-4B20-26F9-9366750A8532}"
EndProject
Project("{2150E333-8FDC-42A3-9474-1A3956D46DE8}") = "Ex09-ControleDeEstoque", "Ex09-ControleDeEstoque", "{870D509F-CF3A-7781-8AC0-499E2A663DE3}"
EndProject
Project("{2150E333-8FDC-42A3-9474-1A3956D46DE8}") = "VersaoA-Arrays", "VersaoA-Arrays", "{7AD4A44E-1719-8F1D-23A9-6665EF30358B}"
EndProject
Project("{FAE04EC0-301F-11D3-BF4B-00C04F79EFBC}") = "Ex09A.EstoqueArrays", "Parte05-ArraysArquivosERecursosAvancados\Ex09-ControleDeEstoque\VersaoA-Arrays\Ex09A.EstoqueArrays.csproj", "{0DDCDFDC-F3C2-426A-A40F-759034D3AF8E}"
EndProject
Project("{2150E333-8FDC-42A3-9474-1A3956D46DE8}") = "VersaoB-Arquivos", "VersaoB-Arquivos", "{186E2174-65A1-F315-DB2B-D07D1D665382}"
	ProjectSection(SolutionItems) = preProject
		Parte05-ArraysArquivosERecursosAvancados\Ex09-ControleDeEstoque\VersaoB-Arquivos\produtos,txt = Parte05-ArraysArquivosERecursosAvancados\Ex09-ControleDeEstoque\VersaoB-Arquivos\produtos,txt
	EndProjectSection
EndProject
Project("{FAE04EC0-301F-11D3-BF4B-00C04F79EFBC}") = "Ex09B.EstoqueArquivos", "Parte05-ArraysArquivosERecursosAvancados\Ex09-ControleDeEstoque\VersaoB-Arquivos\Ex09B.EstoqueArquivos.csproj", "{D780C662-CE5C-4032-A108-118A99EF1041}"
EndProject
Project("{2150E333-8FDC-42A3-9474-1A3956D46DE8}") = "Ex10-JogoDeAdivinhacao", "Ex10-JogoDeAdivinhacao", "{4C2A391B-41A9-8AAD-4DF0-E0818362F3D7}"
EndProject
Project("{FAE04EC0-301F-11D3-BF4B-00C04F79EFBC}") = "Ex10.JogoDeAdivinhacao", "Parte05-ArraysArquivosERecursosAvancados\Ex10-JogoDeAdivinhacao\Ex10.JogoDeAdivinhacao.csproj", "{E1A8D05A-6558-485C-9D59-591BC90D0DAF}"
EndProject
Project("{2150E333-8FDC-42A3-9474-1A3956D46DE8}") = "Ex11-GerenciadorDeContatos", "Ex11-GerenciadorDeContatos", "{BB4D9BF1-F38D-D6AC-F3B3-C424A57FF607}"
EndProject
Project("{FAE04EC0-301F-11D3-BF4B-00C04F79EFBC}") = "Ex11.GerenciadorDeContatos", "Parte05-ArraysArquivosERecursosAvancados\Ex11-GerenciadorDeContatos\Ex11.GerenciadorDeContatos.csproj", "{D0335B9B-2F10-4230-83C0-2F765716266F}"
EndProject
Project("{2150E333-8FDC-42A3-9474-1A3956D46DE8}") = "Ex12-FormatadoresDeContatos", "Ex12-FormatadoresDeContatos", "{BD7592B6-90F8-2E1F-2189-C6E6EC0F1CD7}"
EndProject
Project("{FAE04EC0-301F-11D3-BF4B-00C04F79EFBC}") = "Ex12.FormatadoresDeContatos", "Parte05-ArraysArquivosERecursosAvancados\Ex12-FormatadoresDeContatos\Ex12.FormatadoresDeContatos.csproj", "{8DD7CE9B-F22F-4753-ABBE-E376955AAA3C}"
EndProject
Global
	GlobalSection(SolutionConfigurationPlatforms) = preSolution
		Debug|Any CPU = Debug|Any CPU
		Debug|x64 = Debug|x64
		Debug|x86 = Debug|x86
		Release|Any CPU = Release|Any CPU
		Release|x64 = Release|x64
		Release|x86 = Release|x86
	EndGlobalSection
	GlobalSection(ProjectConfigurationPlatforms) = postSolution
		{300D90C2-B76F-4D88-BD52-B777093C1296}.Debug|Any CPU.ActiveCfg = Debug|Any CPU
		{300D90C2-B76F-4D88-BD52-B777093C1296}.Debug|Any CPU.Build.0 = Debug|Any CPU
		{300D90C2-B76F-4D88-BD52-B777093C1296}.Debug|x64.ActiveCfg = Debug|Any CPU
		{300D90C2-B76F-4D88-BD52-B777093C1296}.Debug|x64.Build.0 = Debug|Any CPU
		{300D90C2-B76F-4D88-BD52-B777093C1296}.Debug|x86.ActiveCfg = Debug|Any CPU
		{300D90C2-B76F-4D88-BD52-B777093C1296}.Debug|x86.Build.0 = Debug|Any CPU
		{300D90C2-B76F-4D88-BD52-B777093C1296}.Release|Any CPU.ActiveCfg = Release|Any CPU
		{300D90C2-B76F-4D88-BD52-B777093C1296}.Release|Any CPU.Build.0 = Release|Any CPU
		{300D90C2-B76F-4D88-BD52-B777093C1296}.Release|x64.ActiveCfg = Release|Any CPU
		{300D90C2-B76F-4D88-BD52-B777093C1296}.Release|x64.Build.0 = Release|Any CPU
		{300D90C2-B76F-4D88-BD52-B777093C1296}.Release|x86.ActiveCfg = Release|Any CPU
		{300D90C2-B76F-4D88-BD52-B777093C1296}.Release|x86.Build.0 = Release|Any CPU
		{7EAC82BF-CD2E-43AB-B9F4-A4AFDB8C403C}.Debug|Any CPU.ActiveCfg = Debug|Any CPU
		{7EAC82BF-CD2E-43AB-B9F4-A4AFDB8C403C}.Debug|Any CPU.Build.0 = Debug|Any CPU
		{7EAC82BF-CD2E-43AB-B9F4-A4AFDB8C403C}.Debug|x64.ActiveCfg = Debug|Any CPU
		{7EAC82BF-CD2E-43AB-B9F4-A4AFDB8C403C}.Debug|x64.Build.0 = Debug|Any CPU
		{7EAC82BF-CD2E-43AB-B9F4-A4AFDB8C403C}.Debug|x86.ActiveCfg = Debug|Any CPU
		{7EAC82BF-CD2E-43AB-B9F4-A4AFDB8C403C}.Debug|x86.Build.0 = Debug|Any CPU
		{7EAC82BF-CD2E-43AB-B9F4-A4AFDB8C403C}.Release|Any CPU.ActiveCfg = Release|Any CPU
		{7EAC82BF-CD2E-43AB-B9F4-A4AFDB8C403C}.Release|Any CPU.Build.0 = Release|Any CPU
		{7EAC82BF-CD2E-43AB-B9F4-A4AFDB8C403C}.Release|x64.ActiveCfg = Release|Any CPU
		{7EAC82BF-CD2E-43AB-B9F4-A4AFDB8C403C}.Release|x64.Build.0 = Release|Any CPU
		{7EAC82BF-CD2E-43AB-B9F4-A4AFDB8C403C}.Release|x86.ActiveCfg = Release|Any CPU
		{7EAC82BF-CD2E-43AB-B9F4-A4AFDB8C403C}.Release|x86.Build.0 = Release|Any CPU
		{2D667EE2-BD4A-46AA-AEE1-6A584C7E5379}.Debug|Any CPU.ActiveCfg = Debug|Any CPU
		{2D667EE2-BD4A-46AA-AEE1-6A584C7E5379}.Debug|Any CPU.Build.0 = Debug|Any CPU
		{2D667EE2-BD4A-46AA-AEE1-6A584C7E5379}.Debug|x64.ActiveCfg = Debug|Any CPU
		{2D667EE2-BD4A-46AA-AEE1-6A584C7E5379}.Debug|x64.Build.0 = Debug|Any CPU
		{2D667EE2-BD4A-46AA-AEE1-6A584C7E5379}.Debug|x86.ActiveCfg = Debug|Any CPU
		{2D667EE2-BD4A-46AA-AEE1-6A584C7E5379}.Debug|x86.Build.0 = Debug|Any CPU
		{2D667EE2-BD4A-46AA-AEE1-6A584C7E5379}.Release|Any CPU.ActiveCfg = Release|Any CPU
		{2D667EE2-BD4A-46AA-AEE1-6A584C7E5379}.Release|Any CPU.Build.0 = Release|Any CPU
		{2D667EE2-BD4A-46AA-AEE1-6A584C7E5379}.Release|x64.ActiveCfg = Release|Any CPU
		{2D667EE2-BD4A-46AA-AEE1-6A584C7E5379}.Release|x64.Build.0 = Release|Any CPU
		{2D667EE2-BD4A-46AA-AEE1-6A584C7E5379}.Release|x86.ActiveCfg = Release|Any CPU
		{2D667EE2-BD4A-46AA-AEE1-6A584C7E5379}.Release|x86.Build.0 = Release|Any CPU
		{4F820E51-4FCB-4686-B945-5056A306EE6B}.Debug|Any CPU.ActiveCfg = Debug|Any CPU
		{4F820E51-4FCB-4686-B945-5056A306EE6B}.Debug|Any CPU.Build.0 = Debug|Any CPU
		{4F820E51-4FCB-4686-B945-5056A306EE6B}.Debug|x64.ActiveCfg = Debug|Any CPU
		{4F820E51-4FCB-4686-B945-5056A306EE6B}.Debug|x64.Build.0 = Debug|Any CPU
		{4F820E51-4FCB-4686-B945-5056A306EE6B}.Debug|x86.ActiveCfg = Debug|Any CPU
		{4F820E51-4FCB-4686-B945-5056A306EE6B}.Debug|x86.Build.0 = Debug|Any CPU
		{4F820E51-4FCB-4686-B945-5056A306EE6B}.Release|Any CPU.ActiveCfg = Release|Any CPU
		{4F820E51-4FCB-4686-B945-5056A306EE6B}.Release|Any CPU.Build.0 = Release|Any CPU
		{4F820E51-4FCB-4686-B945-5056A306EE6B}.Release|x64.ActiveCfg = Release|Any CPU
		{4F820E51-4FCB-4686-B945-5056A306EE6B}.Release|x64.Build.0 = Release|Any CPU
		{4F820E51-4FCB-4686-B945-5056A306EE6B}.Release|x86.ActiveCfg = Release|Any CPU
		{4F820E51-4FCB-4686-B945-5056A306EE6B}.Release|x86.Build.0 = Release|Any CPU
		{B2B97A2A-C2F7-4E24-98CA-5F172F5FEA13}.Debug|Any CPU.ActiveCfg = Debug|Any CPU
		{B2B97A2A-C2F7-4E24-98CA-5F172F5FEA13}.Debug|Any CPU.Build.0 = Debug|Any CPU
		{B2B97A2A-C2F7-4E24-98CA-5F172F5FEA13}.Debug|x64.ActiveCfg = Debug|Any CPU
		{B2B97A2A-C2F7-4E24-98CA-5F172F5FEA13}.Debug|x64.Build.0 = Debug|Any CPU
		{B2B97A2A-C2F7-4E24-98CA-5F172F5FEA13}.Debug|x86.ActiveCfg = Debug|Any CPU
		{B2B97A2A-C2F7-4E24-98CA-5F172F5FEA13}.Debug|x86.Build.0 = Debug|Any CPU
		{B2B97A2A-C2F7-4E24-98CA-5F172F5FEA13}.Release|Any CPU.ActiveCfg = Release|Any CPU
		{B2B97A2A-C2F7-4E24-98CA-5F172F5FEA13}.Release|Any CPU.Build.0 = Release|Any CPU
		{B2B97A2A-C2F7-4E24-98CA-5F172F5FEA13}.Release|x64.ActiveCfg = Release|Any CPU
		{B2B97A2A-C2F7-4E24-98CA-5F172F5FEA13}.Release|x64.Build.0 = Release|Any CPU
		{B2B97A2A-C2F7-4E24-98CA-5F172F5FEA13}.Release|x86.ActiveCfg = Release|Any CPU
		{B2B97A2A-C2F7-4E24-98CA-5F172F5FEA13}.Release|x86.Build.0 = Release|Any CPU
		{77148E8D-E78F-437F-AFCD-B9382CA44855}.Debug|Any CPU.ActiveCfg = Debug|Any CPU
		{77148E8D-E78F-437F-AFCD-B9382CA44855}.Debug|Any CPU.Build.0 = Debug|Any CPU
		{77148E8D-E78F-437F-AFCD-B9382CA44855}.Debug|x64.ActiveCfg = Debug|Any CPU
		{77148E8D-E78F-437F-AFCD-B9382CA44855}.Debug|x64.Build.0 = Debug|Any CPU
		{77148E8D-E78F-437F-AFCD-B9382CA44855}.Debug|x86.ActiveCfg = Debug|Any CPU
		{77148E8D-E78F-437F-AFCD-B9382CA44855}.Debug|x86.Build.0 = Debug|Any CPU
		{77148E8D-E78F-437F-AFCD-B9382CA44855}.Release|Any CPU.ActiveCfg = Release|Any CPU
		{77148E8D-E78F-437F-AFCD-B9382CA44855}.Release|Any CPU.Build.0 = Release|Any CPU
		{77148E8D-E78F-437F-AFCD-B9382CA44855}.Release|x64.ActiveCfg = Release|Any CPU
		{77148E8D-E78F-437F-AFCD-B9382CA44855}.Release|x64.Build.0 = Release|Any CPU
		{77148E8D-E78F-437F-AFCD-B9382CA44855}.Release|x86.ActiveCfg = Release|Any CPU
		{77148E8D-E78F-437F-AFCD-B9382CA44855}.Release|x86.Build.0 = Release|Any CPU
		{9BA81E6B-9E09-467F-8765-B1686E68D9BA}.Debug|Any CPU.ActiveCfg = Debug|Any CPU
		{9BA81E6B-9E09-467F-8765-B1686E68D9BA}.Debug|Any CPU.Build.0 = Debug|Any CPU
		{9BA81E6B-9E09-467F-8765-B1686E68D9BA}.Debug|x64.ActiveCfg = Debug|Any CPU
		{9BA81E6B-9E09-467F-8765-B1686E68D9BA}.Debug|x64.Build.0 = Debug|Any CPU
		{9BA81E6B-9E09-467F-8765-B1686E68D9BA}.Debug|x86.ActiveCfg = Debug|Any CPU
		{9BA81E6B-9E09-467F-8765-B1686E68D9BA}.Debug|x86.Build.0 = Debug|Any CPU
		{9BA81E6B-9E09-467F-8765-B1686E68D9BA}.Release|Any CPU.ActiveCfg = Release|Any CPU
		{9BA81E6B-9E09-467F-8765-B1686E68D9BA}.Release|Any CPU.Build.0 = Release|Any CPU
		{9BA81E6B-9E09-467F-8765-B1686E68D9BA}.Release|x64.ActiveCfg = Release|Any CPU
		{9BA81E6B-9E09-467F-8765-B1686E68D9BA}.Release|x64.Build.0 = Release|Any CPU
		{9BA81E6B-9E09-467F-8765-B1686E68D9BA}.Release|x86.ActiveCfg = Release|Any CPU
		{9BA81E6B-9E09-467F-8765-B1686E68D9BA}.Release|x86.Build.0 = Release|Any CPU
		{F9DC9913-7EDF-405F-AE09-D6302E5529C1}.Debug|Any CPU.ActiveCfg = Debug|Any CPU
		{F9DC9913-7EDF-405F-AE09-D6302E5529C1}.Debug|Any CPU.Build.0 = Debug|Any CPU
		{F9DC9913-7EDF-405F-AE09-D6302E5529C1}.Debug|x64.ActiveCfg = Debug|Any CPU
		{F9DC9913-7EDF-405F-AE09-D6302E5529C1}.Debug|x64.Build.0 = Debug|Any CPU
		{F9DC9913-7EDF-405F-AE09-D6302E5529C1}.Debug|x86.ActiveCfg = Debug|Any CPU
		{F9DC9913-7EDF-405F-AE09-D6302E5529C1}.Debug|x86.Build.0 = Debug|Any CPU
		{F9DC9913-7EDF-405F-AE09-D6302E5529C1}.Release|Any CPU.ActiveCfg = Release|Any CPU
		{F9DC9913-7EDF-405F-AE09-D6302E5529C1}.Release|Any CPU.Build.0 = Release|Any CPU
		{F9DC9913-7EDF-405F-AE09-D6302E5529C1}.Release|x64.ActiveCfg = Release|Any CPU
		{F9DC9913-7EDF-405F-AE09-D6302E5529C1}.Release|x64.Build.0 = Release|Any CPU
		{F9DC9913-7EDF-405F-AE09-D6302E5529C1}.Release|x86.ActiveCfg = Release|Any CPU
		{F9DC9913-7EDF-405F-AE09-D6302E5529C1}.Release|x86.Build.0 = Release|Any CPU
		{0DDCDFDC-F3C2-426A-A40F-759034D3AF8E}.Debug|Any CPU.ActiveCfg = Debug|Any CPU
		{0DDCDFDC-F3C2-426A-A40F-759034D3AF8E}.Debug|Any CPU.Build.0 = Debug|Any CPU
		{0DDCDFDC-F3C2-426A-A40F-759034D3AF8E}.Debug|x64.ActiveCfg = Debug|Any CPU
		{0DDCDFDC-F3C2-426A-A40F-759034D3AF8E}.Debug|x64.Build.0 = Debug|Any CPU
		{0DDCDFDC-F3C2-426A-A40F-759034D3AF8E}.Debug|x86.ActiveCfg = Debug|Any CPU
		{0DDCDFDC-F3C2-426A-A40F-759034D3AF8E}.Debug|x86.Build.0 = Debug|Any CPU
		{0DDCDFDC-F3C2-426A-A40F-759034D3AF8E}.Release|Any CPU.ActiveCfg = Release|Any CPU
		{0DDCDFDC-F3C2-426A-A40F-759034D3AF8E}.Release|Any CPU.Build.0 = Release|Any CPU
		{0DDCDFDC-F3C2-426A-A40F-759034D3AF8E}.Release|x64.ActiveCfg = Release|Any CPU
		{0DDCDFDC-F3C2-426A-A40F-759034D3AF8E}.Release|x64.Build.0 = Release|Any CPU
		{0DDCDFDC-F3C2-426A-A40F-759034D3AF8E}.Release|x86.ActiveCfg = Release|Any CPU
		{0DDCDFDC-F3C2-426A-A40F-759034D3AF8E}.Release|x86.Build.0 = Release|Any CPU
		{D780C662-CE5C-4032-A108-118A99EF1041}.Debug|Any CPU.ActiveCfg = Debug|Any CPU
		{D780C662-CE5C-4032-A108-118A99EF1041}.Debug|Any CPU.Build.0 = Debug|Any CPU
		{D780C662-CE5C-4032-A108-118A99EF1041}.Debug|x64.ActiveCfg = Debug|Any CPU
		{D780C662-CE5C-4032-A108-118A99EF1041}.Debug|x64.Build.0 = Debug|Any CPU
		{D780C662-CE5C-4032-A108-118A99EF1041}.Debug|x86.ActiveCfg = Debug|Any CPU
		{D780C662-CE5C-4032-A108-118A99EF1041}.Debug|x86.Build.0 = Debug|Any CPU
		{D780C662-CE5C-4032-A108-118A99EF1041}.Release|Any CPU.ActiveCfg = Release|Any CPU
		{D780C662-CE5C-4032-A108-118A99EF1041}.Release|Any CPU.Build.0 = Release|Any CPU
		{D780C662-CE5C-4032-A108-118A99EF1041}.Release|x64.ActiveCfg = Release|Any CPU
		{D780C662-CE5C-4032-A108-118A99EF1041}.Release|x64.Build.0 = Release|Any CPU
		{D780C662-CE5C-4032-A108-118A99EF1041}.Release|x86.ActiveCfg = Release|Any CPU
		{D780C662-CE5C-4032-A108-118A99EF1041}.Release|x86.Build.0 = Release|Any CPU
		{E1A8D05A-6558-485C-9D59-591BC90D0DAF}.Debug|Any CPU.ActiveCfg = Debug|Any CPU
		{E1A8D05A-6558-485C-9D59-591BC90D0DAF}.Debug|Any CPU.Build.0 = Debug|Any CPU
		{E1A8D05A-6558-485C-9D59-591BC90D0DAF}.Debug|x64.ActiveCfg = Debug|Any CPU
		{E1A8D05A-6558-485C-9D59-591BC90D0DAF}.Debug|x64.Build.0 = Debug|Any CPU
		{E1A8D05A-6558-485C-9D59-591BC90D0DAF}.Debug|x86.ActiveCfg = Debug|Any CPU
		{E1A8D05A-6558-485C-9D59-591BC90D0DAF}.Debug|x86.Build.0 = Debug|Any CPU
		{E1A8D05A-6558-485C-9D59-591BC90D0DAF}.Release|Any CPU.ActiveCfg = Release|Any CPU
		{E1A8D05A-6558-485C-9D59-591BC90D0DAF}.Release|Any CPU.Build.0 = Release|Any CPU
		{E1A8D05A-6558-485C-9D59-591BC90D0DAF}.Release|x64.ActiveCfg = Release|Any CPU
		{E1A8D05A-6558-485C-9D59-591BC90D0DAF}.Release|x64.Build.0 = Release|Any CPU
		{E1A8D05A-6558-485C-9D59-591BC90D0DAF}.Release|x86.ActiveCfg = Release|Any CPU
		{E1A8D05A-6558-485C-9D59-591BC90D0DAF}.Release|x86.Build.0 = Release|Any CPU
		{D0335B9B-2F10-4230-83C0-2F765716266F}.Debug|Any CPU.ActiveCfg = Debug|Any CPU
		{D0335B9B-2F10-4230-83C0-2F765716266F}.Debug|Any CPU.Build.0 = Debug|Any CPU
		{D0335B9B-2F10-4230-83C0-2F765716266F}.Debug|x64.ActiveCfg = Debug|Any CPU
		{D0335B9B-2F10-4230-83C0-2F765716266F}.Debug|x64.Build.0 = Debug|Any CPU
		{D0335B9B-2F10-4230-83C0-2F765716266F}.Debug|x86.ActiveCfg = Debug|Any CPU
		{D0335B9B-2F10-4230-83C0-2F765716266F}.Debug|x86.Build.0 = Debug|Any CPU
		{D0335B9B-2F10-4230-83C0-2F765716266F}.Release|Any CPU.ActiveCfg = Release|Any CPU
		{D0335B9B-2F10-4230-83C0-2F765716266F}.Release|Any CPU.Build.0 = Release|Any CPU
		{D0335B9B-2F10-4230-83C0-2F765716266F}.Release|x64.ActiveCfg = Release|Any CPU
		{D0335B9B-2F10-4230-83C0-2F765716266F}.Release|x64.Build.0 = Release|Any CPU
		{D0335B9B-2F10-4230-83C0-2F765716266F}.Release|x86.ActiveCfg = Release|Any CPU
		{D0335B9B-2F10-4230-83C0-2F765716266F}.Release|x86.Build.0 = Release|Any CPU
		{8DD7CE9B-F22F-4753-ABBE-E376955AAA3C}.Debug|Any CPU.ActiveCfg = Debug|Any CPU
		{8DD7CE9B-F22F-4753-ABBE-E376955AAA3C}.Debug|Any CPU.Build.0 = Debug|Any CPU
		{8DD7CE9B-F22F-4753-ABBE-E376955AAA3C}.Debug|x64.ActiveCfg = Debug|Any CPU
		{8DD7CE9B-F22F-4753-ABBE-E376955AAA3C}.Debug|x64.Build.0 = Debug|Any CPU
		{8DD7CE9B-F22F-4753-ABBE-E376955AAA3C}.Debug|x86.ActiveCfg = Debug|Any CPU
		{8DD7CE9B-F22F-4753-ABBE-E376955AAA3C}.Debug|x86.Build.0 = Debug|Any CPU
		{8DD7CE9B-F22F-4753-ABBE-E376955AAA3C}.Release|Any CPU.ActiveCfg = Release|Any CPU
		{8DD7CE9B-F22F-4753-ABBE-E376955AAA3C}.Release|Any CPU.Build.0 = Release|Any CPU
		{8DD7CE9B-F22F-4753-ABBE-E376955AAA3C}.Release|x64.ActiveCfg = Release|Any CPU
		{8DD7CE9B-F22F-4753-ABBE-E376955AAA3C}.Release|x64.Build.0 = Release|Any CPU
		{8DD7CE9B-F22F-4753-ABBE-E376955AAA3C}.Release|x86.ActiveCfg = Release|Any CPU
		{8DD7CE9B-F22F-4753-ABBE-E376955AAA3C}.Release|x86.Build.0 = Release|Any CPU
	EndGlobalSection
	GlobalSection(SolutionProperties) = preSolution
		HideSolutionNode = FALSE
	EndGlobalSection
	GlobalSection(NestedProjects) = preSolution
		{08D5902F-5CAA-76D4-C78E-EC18246DE0A3} = {63AFB3F8-B000-2B25-EF7A-7A6B709B1B34}
		{300D90C2-B76F-4D88-BD52-B777093C1296} = {08D5902F-5CAA-76D4-C78E-EC18246DE0A3}
		{EBFDB1C1-675F-8721-F8B0-2A5F447E771F} = {E4C66203-52A5-5419-92EC-0509132BEBE9}
		{7EAC82BF-CD2E-43AB-B9F4-A4AFDB8C403C} = {EBFDB1C1-675F-8721-F8B0-2A5F447E771F}
		{A0E1EA83-9D11-D1DF-2D9B-9CD57E86CBCC} = {E4C66203-52A5-5419-92EC-0509132BEBE9}
		{2D667EE2-BD4A-46AA-AEE1-6A584C7E5379} = {A0E1EA83-9D11-D1DF-2D9B-9CD57E86CBCC}
		{8B4BB39D-9C38-7FF5-9205-9F0A9C54880F} = {E4C66203-52A5-5419-92EC-0509132BEBE9}
		{4F820E51-4FCB-4686-B945-5056A306EE6B} = {8B4BB39D-9C38-7FF5-9205-9F0A9C54880F}
		{B5DE54EB-3283-E0A1-B204-858C0E90FE60} = {E4C66203-52A5-5419-92EC-0509132BEBE9}
		{B2B97A2A-C2F7-4E24-98CA-5F172F5FEA13} = {B5DE54EB-3283-E0A1-B204-858C0E90FE60}
		{08A6F8B6-F9F8-814D-809E-449E17E12C07} = {B31C9BAA-3FAD-0D02-6C01-3B2A07F64BE0}
		{77148E8D-E78F-437F-AFCD-B9382CA44855} = {08A6F8B6-F9F8-814D-809E-449E17E12C07}
		{2845F484-FAE3-FC7C-0A7F-C3A2EE00D85C} = {B9795294-3749-8EB2-06D1-53371125533B}
		{9BA81E6B-9E09-467F-8765-B1686E68D9BA} = {2845F484-FAE3-FC7C-0A7F-C3A2EE00D85C}
		{EB884946-F98A-0F58-9DCE-03606250708F} = {B9795294-3749-8EB2-06D1-53371125533B}
		{F9DC9913-7EDF-405F-AE09-D6302E5529C1} = {EB884946-F98A-0F58-9DCE-03606250708F}
		{870D509F-CF3A-7781-8AC0-499E2A663DE3} = {E07397C1-FAD6-4B20-26F9-9366750A8532}
		{7AD4A44E-1719-8F1D-23A9-6665EF30358B} = {870D509F-CF3A-7781-8AC0-499E2A663DE3}
		{0DDCDFDC-F3C2-426A-A40F-759034D3AF8E} = {7AD4A44E-1719-8F1D-23A9-6665EF30358B}
		{186E2174-65A1-F315-DB2B-D07D1D665382} = {870D509F-CF3A-7781-8AC0-499E2A663DE3}
		{D780C662-CE5C-4032-A108-118A99EF1041} = {186E2174-65A1-F315-DB2B-D07D1D665382}
		{4C2A391B-41A9-8AAD-4DF0-E0818362F3D7} = {E07397C1-FAD6-4B20-26F9-9366750A8532}
		{E1A8D05A-6558-485C-9D59-591BC90D0DAF} = {4C2A391B-41A9-8AAD-4DF0-E0818362F3D7}
		{BB4D9BF1-F38D-D6AC-F3B3-C424A57FF607} = {E07397C1-FAD6-4B20-26F9-9366750A8532}
		{D0335B9B-2F10-4230-83C0-2F765716266F} = {BB4D9BF1-F38D-D6AC-F3B3-C424A57FF607}
		{BD7592B6-90F8-2E1F-2189-C6E6EC0F1CD7} = {E07397C1-FAD6-4B20-26F9-9366750A8532}
		{8DD7CE9B-F22F-4753-ABBE-E376955AAA3C} = {BD7592B6-90F8-2E1F-2189-C6E6EC0F1CD7}
	EndGlobalSection
EndGlobal
